
Microsoft Visual Studio Solution File, Format Version 12.00
# Visual Studio Version 16
VisualStudioVersion = 16.0.32802.440
MinimumVisualStudioVersion = 10.0.40219.1
Project("{888888A0-9F3D-457C-B088-3A5042F75D52}") = "CS102-1L_MachineProblem", "CS102-1L_MachineProblem.pyproj", "{8A7659BF-98BB-4960-A786-F2A174F1BDFC}"
EndProject
Global
	GlobalSection(SolutionConfigurationPlatforms) = preSolution
		Debug|Any CPU = Debug|Any CPU
		Release|Any CPU = Release|Any CPU
	EndGlobalSection
	GlobalSection(ProjectConfigurationPlatforms) = postSolution
		{8A7659BF-98BB-4960-A786-F2A174F1BDFC}.Debug|Any CPU.ActiveCfg = Debug|Any CPU
		{8A7659BF-98BB-4960-A786-F2A174F1BDFC}.Release|Any CPU.ActiveCfg = Release|Any CPU
	EndGlobalSection
	GlobalSection(SolutionProperties) = preSolution
		HideSolutionNode = FALSE
	EndGlobalSection
	GlobalSection(ExtensibilityGlobals) = postSolution
		SolutionGuid = {F045C755-DDD9-4052-9A74-AC6679059D59}
	EndGlobalSection
EndGlobal
